{
  "requires": true,
  "lockfileVersion": 1,
  "dependencies": {
    "@headlessui/react": {
      "version": "1.4.3",
      "resolved": "https://registry.npmjs.org/@headlessui/react/-/react-1.4.3.tgz",
      "integrity": "sha512-n2IQkaaw0aAAlQS5MEXsM4uRK+w18CrM72EqnGRl/UBOQeQajad8oiKXR9Nk15jOzTFQjpxzrZMf1NxHidFBiw=="
    }
  }
}
